{
  "name": "generate-data",
  "version": "1.0.0",
  "lockfileVersion": 3,
  "requires": true,
  "packages": {
    "": {
      "name": "generate-data",
      "version": "1.0.0",
      "license": "ISC",
      "dependencies": {
        "@andrivet/z80-assembler": "^2.0.0",
        "z80-emulator": "^2.3.0"
      }
    },
    "node_modules/@andrivet/z80-assembler": {
      "version": "2.0.0",
      "resolved": "https://registry.npmjs.org/@andrivet/z80-assembler/-/z80-assembler-2.0.0.tgz",
      "integrity": "sha512-hPPWulqiEE6Nq40ecG/sRCRxR/kq/x/G7g1T174ANVvP1NhgFs0HKbgVhoY8IVq4AXtwPuZ3Yp/TnGMu3u1s0A==",
      "license": "GPLv3"
    },
    "node_modules/z80-base": {
      "version": "2.0.1",
      "resolved": "https://registry.npmjs.org/z80-base/-/z80-base-2.0.1.tgz",
      "integrity": "sha512-Zflx/2fATJ1cMXiiqBFbOadHvC12Yg12CHCiEGGaOnkA18SxRVCiBDpNRuYm7MGGHdBlDTwdlDS8Ga4OC0G88A==",
      "deprecated": "Package no longer supported. Contact Support at https://www.npmjs.com/support for more info.",
      "license": "MIT"
    },
    "node_modules/z80-emulator": {
      "version": "2.3.0",
      "resolved": "https://registry.npmjs.org/z80-emulator/-/z80-emulator-2.3.0.tgz",
      "integrity": "sha512-+tFFzTuarvgORru5N9LC6RREOkayrsX4ADHxi+mPXPSQGXJzDzde3j5g+zp88LucLOI4ZQCj5VqPF/YjqW9GNw==",
      "deprecated": "Package no longer supported. Contact Support at https://www.npmjs.com/support for more info.",
      "license": "MIT",
      "dependencies": {
        "z80-base": "^2.0.1"
      }
    }
  }
}
